
Microsoft Visual Studio Solution File, Format Version 12.00
# Visual Studio 15
VisualStudioVersion = 15.0.27130.2027
MinimumVisualStudioVersion = 10.0.40219.1
Project("{FAE04EC0-301F-11D3-BF4B-00C04F79EFBC}") = "DemoCoreAppWithDocker", "DemoCoreAppWithDocker\DemoCoreAppWithDocker.csproj", "{0CCBC1D8-1A2D-4C08-8075-0A289691FC17}"
EndProject
Project("{E53339B2-1760-4266-BCC7-CA923CBCF16C}") = "docker-compose", "docker-compose.dcproj", "{D78B72F3-065B-4268-BC08-8A1FAE9E84BE}"
EndProject
Global
	GlobalSection(SolutionConfigurationPlatforms) = preSolution
		Debug|Any CPU = Debug|Any CPU
		Release|Any CPU = Release|Any CPU
	EndGlobalSection
	GlobalSection(ProjectConfigurationPlatforms) = postSolution
		{0CCBC1D8-1A2D-4C08-8075-0A289691FC17}.Debug|Any CPU.ActiveCfg = Debug|Any CPU
		{0CCBC1D8-1A2D-4C08-8075-0A289691FC17}.Debug|Any CPU.Build.0 = Debug|Any CPU
		{0CCBC1D8-1A2D-4C08-8075-0A289691FC17}.Release|Any CPU.ActiveCfg = Release|Any CPU
		{0CCBC1D8-1A2D-4C08-8075-0A289691FC17}.Release|Any CPU.Build.0 = Release|Any CPU
		{D78B72F3-065B-4268-BC08-8A1FAE9E84BE}.Debug|Any CPU.ActiveCfg = Debug|Any CPU
		{D78B72F3-065B-4268-BC08-8A1FAE9E84BE}.Debug|Any CPU.Build.0 = Debug|Any CPU
		{D78B72F3-065B-4268-BC08-8A1FAE9E84BE}.Release|Any CPU.ActiveCfg = Release|Any CPU
		{D78B72F3-065B-4268-BC08-8A1FAE9E84BE}.Release|Any CPU.Build.0 = Release|Any CPU
	EndGlobalSection
	GlobalSection(SolutionProperties) = preSolution
		HideSolutionNode = FALSE
	EndGlobalSection
	GlobalSection(ExtensibilityGlobals) = postSolution
		SolutionGuid = {A8D45CD4-4363-48A6-A9F0-BB1CC9929089}
	EndGlobalSection
EndGlobal
